
Microsoft Visual Studio Solution File, Format Version 12.00
# Visual Studio Version 17
VisualStudioVersion = 17.2.32526.322
MinimumVisualStudioVersion = 10.0.40219.1
Project("{FAE04EC0-301F-11D3-BF4B-00C04F79EFBC}") = "PartTimeWage", "PartTimeWage\PartTimeWage.csproj", "{280AEBAC-90B5-4657-A20E-B6765EFC93D0}"
EndProject
Global
	GlobalSection(SolutionConfigurationPlatforms) = preSolution
		Debug|Any CPU = Debug|Any CPU
		Release|Any CPU = Release|Any CPU
	EndGlobalSection
	GlobalSection(ProjectConfigurationPlatforms) = postSolution
		{280AEBAC-90B5-4657-A20E-B6765EFC93D0}.Debug|Any CPU.ActiveCfg = Debug|Any CPU
		{280AEBAC-90B5-4657-A20E-B6765EFC93D0}.Debug|Any CPU.Build.0 = Debug|Any CPU
		{280AEBAC-90B5-4657-A20E-B6765EFC93D0}.Release|Any CPU.ActiveCfg = Release|Any CPU
		{280AEBAC-90B5-4657-A20E-B6765EFC93D0}.Release|Any CPU.Build.0 = Release|Any CPU
	EndGlobalSection
	GlobalSection(SolutionProperties) = preSolution
		HideSolutionNode = FALSE
	EndGlobalSection
	GlobalSection(ExtensibilityGlobals) = postSolution
		SolutionGuid = {BB30F6A1-7F6F-4269-B0F5-F5367E7EE1CD}
	EndGlobalSection
EndGlobal
